{
  "name": "live2d",
  "version": "1.0.0",
  "lockfileVersion": 3,
  "requires": true,
  "packages": {
    "": {
      "name": "live2d",
      "version": "1.0.0",
      "license": "ISC",
      "dependencies": {
        "live2d-widget-model-haruto": "^1.0.5",
        "live2d-widget-model-hijiki": "^1.0.5",
        "live2d-widget-model-koharu": "^1.0.5",
        "live2d-widget-model-miku": "^1.0.5",
        "live2d-widget-model-shizuku": "^1.0.5",
        "live2d-widget-model-tororo": "^1.0.5"
      }
    },
    "node_modules/live2d-widget-model-haruto": {
      "version": "1.0.5",
      "resolved": "https://registry.npmjs.org/live2d-widget-model-haruto/-/live2d-widget-model-haruto-1.0.5.tgz",
      "integrity": "sha512-zoD6F1c/ryPBV9zQiOj+zRZTYbELNivrK8lM2Sr4DKp/kCzDB+RjJuHjqXEVEMtRc8Q23zKkfrlGyC1OQOFP7g==",
      "license": "GPL-2.0"
    },
    "node_modules/live2d-widget-model-hijiki": {
      "version": "1.0.5",
      "resolved": "https://registry.npmjs.org/live2d-widget-model-hijiki/-/live2d-widget-model-hijiki-1.0.5.tgz",
      "integrity": "sha512-1htA3VPgqw5mvs94qHVqy56MjmF1huBXst1SsgphNyeWuZT3aH87I0sF1Ene7WDkyEPnMeR+pX1bJxWa524snA==",
      "license": "GPL-2.0"
    },
    "node_modules/live2d-widget-model-koharu": {
      "version": "1.0.5",
      "resolved": "https://registry.npmjs.org/live2d-widget-model-koharu/-/live2d-widget-model-koharu-1.0.5.tgz",
      "integrity": "sha512-tziYYbBvkLFbYmizb6Sij4rF1Vmne9ZJwwD8dljt3QPeWxYBjxuQspzLrFOjMtvCSeE5dncNG7qdnTUb5nD2DQ==",
      "license": "GPL-2.0"
    },
    "node_modules/live2d-widget-model-miku": {
      "version": "1.0.5",
      "resolved": "https://registry.npmjs.org/live2d-widget-model-miku/-/live2d-widget-model-miku-1.0.5.tgz",
      "integrity": "sha512-uwthpWUAeqiA/tL87QNri1eNp0w0UKxM34n/PhA0ng/ZU4hhsJKYHaRcoPK8oOWbpLYCoS8uzWAACmXfomylTg==",
      "license": "GPL-2.0"
    },
    "node_modules/live2d-widget-model-shizuku": {
      "version": "1.0.5",
      "resolved": "https://registry.npmjs.org/live2d-widget-model-shizuku/-/live2d-widget-model-shizuku-1.0.5.tgz",
      "integrity": "sha512-keEQR1Bm7HILLjNSIpmg1SGuo4H/ZsGRxnBn0l0BxgEbaHlmEE+Jb5nwhAtnh7PN/SRFE3+Ddk/ciy18sT7rAw==",
      "license": "GPL-2.0"
    },
    "node_modules/live2d-widget-model-tororo": {
      "version": "1.0.5",
      "resolved": "https://registry.npmjs.org/live2d-widget-model-tororo/-/live2d-widget-model-tororo-1.0.5.tgz",
      "integrity": "sha512-qcDZnXyzmNM5NADDAWpknWMCqoip3CZ9bYrKKB0PqusnrUTK0e5k1jAl+RCos9Sbg9g1xzse50vmREwj1LiJ3w==",
      "license": "GPL-2.0"
    }
  }
}
